
Microsoft Visual Studio Solution File, Format Version 12.00
# Visual Studio Version 17
VisualStudioVersion = 17.8.34316.72
MinimumVisualStudioVersion = 10.0.40219.1
Project("{FAE04EC0-301F-11D3-BF4B-00C04F79EFBC}") = "Practica20240220", "Practica20240220\Practica20240220.csproj", "{81C1D843-BC44-4770-B1E5-CD69EED61E4E}"
EndProject
Global
	GlobalSection(SolutionConfigurationPlatforms) = preSolution
		Debug|Any CPU = Debug|Any CPU
		Release|Any CPU = Release|Any CPU
	EndGlobalSection
	GlobalSection(ProjectConfigurationPlatforms) = postSolution
		{81C1D843-BC44-4770-B1E5-CD69EED61E4E}.Debug|Any CPU.ActiveCfg = Debug|Any CPU
		{81C1D843-BC44-4770-B1E5-CD69EED61E4E}.Debug|Any CPU.Build.0 = Debug|Any CPU
		{81C1D843-BC44-4770-B1E5-CD69EED61E4E}.Release|Any CPU.ActiveCfg = Release|Any CPU
		{81C1D843-BC44-4770-B1E5-CD69EED61E4E}.Release|Any CPU.Build.0 = Release|Any CPU
	EndGlobalSection
	GlobalSection(SolutionProperties) = preSolution
		HideSolutionNode = FALSE
	EndGlobalSection
	GlobalSection(ExtensibilityGlobals) = postSolution
		SolutionGuid = {2E8EA987-13C6-428C-BA07-E4F82D5F1812}
	EndGlobalSection
EndGlobal
